# THIS IS AN AUTOGENERATED FILE. DO NOT EDIT THIS FILE DIRECTLY.
# yarn lockfile v1


"@1r21/api-wx@^0.0.8":
  version "0.0.8"
  resolved "https://npm.pkg.github.com/download/@1r21/api-wx/0.0.8/aa6bb72e782dacf46efe8f1914486c948704dd821d1f09222f67e3b862c948df#2da6d838e17575831919aa203bf1430b3a85a3ee"
  integrity sha512-feZNMakK0SodmgJWxudZbTa3h0TnJeK2DJtYz1TqC2iEhsaqVKyrpbW/mFfTWVBtQmeCV7acQx1gT3EevU5Bzw==
  dependencies:
    "@1r21/request-wx" "0.0.8"

"@1r21/request-wx@0.0.8":
  version "0.0.8"
  resolved "https://npm.pkg.github.com/download/@1r21/request-wx/0.0.8/4ed9ec892b8e7c737c9b0a9a883e58904d7045e01172423b243b0a78e2e617f3#fd57e4479809317539edfa7f0c023d633ace4f1a"
  integrity sha512-Z+LuKWnC+9X0QH5Do/bOdAtQKZbfHrSdd2YQzncJ/IYByrIH5+KlmbS8D0IrBla30IaXdI1DkiIeKIoJbmUcpw==

"@1r21/util@^0.0.8":
  version "0.0.8"
  resolved "https://npm.pkg.github.com/download/@1r21/util/0.0.8/a59139fb888f4362b17ec11826ed86f0011671d32faf7fdee01090d038e22d32#b19a834d2d5c0b9c6f706ca0aed0125e4e66132e"
  integrity sha512-ouqQxavTdBgtiBgQ9Iv+Vj1BfiX+e+PRlV3IPuHum79kb5NWHaylRmXCoO22YFai3QV4VQ3rnsdmk6V9+efzZg==
